
Microsoft Visual Studio Solution File, Format Version 12.00
# Visual Studio Version 16
VisualStudioVersion = 16.0.30611.23
MinimumVisualStudioVersion = 10.0.40219.1
Project("{FAE04EC0-301F-11D3-BF4B-00C04F79EFBC}") = "Projekt_pin", "Projekt_pin.csproj", "{0547AEF0-680A-4A45-8F30-4F50F6900C6E}"
EndProject
Global
	GlobalSection(SolutionConfigurationPlatforms) = preSolution
		Debug|Any CPU = Debug|Any CPU
		Release|Any CPU = Release|Any CPU
	EndGlobalSection
	GlobalSection(ProjectConfigurationPlatforms) = postSolution
		{0547AEF0-680A-4A45-8F30-4F50F6900C6E}.Debug|Any CPU.ActiveCfg = Debug|Any CPU
		{0547AEF0-680A-4A45-8F30-4F50F6900C6E}.Debug|Any CPU.Build.0 = Debug|Any CPU
		{0547AEF0-680A-4A45-8F30-4F50F6900C6E}.Release|Any CPU.ActiveCfg = Release|Any CPU
		{0547AEF0-680A-4A45-8F30-4F50F6900C6E}.Release|Any CPU.Build.0 = Release|Any CPU
	EndGlobalSection
	GlobalSection(SolutionProperties) = preSolution
		HideSolutionNode = FALSE
	EndGlobalSection
	GlobalSection(ExtensibilityGlobals) = postSolution
		SolutionGuid = {6FF6DA69-59C3-4551-81A8-9DEFC9C109B3}
	EndGlobalSection
EndGlobal
